// !$*UTF8*$!
{
	archiveVersion = 1;
	classes = {
	};
	objectVersion = 50;
	objects = {

/* Begin PBXBuildFile section */
		A107A7652150D7720095D588 /* SideMenuViewController.swift in Sources */ = {isa = PBXBuildFile; fileRef = A107A7642150D7720095D588 /* SideMenuViewController.swift */; };
		A107A7672150D7DA0095D588 /* SideMenuView.swift in Sources */ = {isa = PBXBuildFile; fileRef = A107A7662150D7DA0095D588 /* SideMenuView.swift */; };
		A1264C6D20FEA93F00EDF417 /* SnapKit.framework in Frameworks */ = {isa = PBXBuildFile; fileRef = A1264C6C20FEA93F00EDF417 /* SnapKit.framework */; };
		A1264C6E20FEA93F00EDF417 /* SnapKit.framework in Embed Frameworks */ = {isa = PBXBuildFile; fileRef = A1264C6C20FEA93F00EDF417 /* SnapKit.framework */; settings = {ATTRIBUTES = (CodeSignOnCopy, RemoveHeadersOnCopy, ); }; };
		A1674FF520E010190093B713 /* DetailsViewController.swift in Sources */ = {isa = PBXBuildFile; fileRef = A1674FF420E010190093B713 /* DetailsViewController.swift */; };
		A1674FF720E028170093B713 /* CityView.swift in Sources */ = {isa = PBXBuildFile; fileRef = A1674FF620E028170093B713 /* CityView.swift */; };
		F8A30E8F20E2250C002203D4 /* DataManager.swift in Sources */ = {isa = PBXBuildFile; fileRef = F8A30E8E20E2250C002203D4 /* DataManager.swift */; };
		F8AFA78020F348B80050293E /* DemoPageViewController.swift in Sources */ = {isa = PBXBuildFile; fileRef = F8AFA77F20F348B80050293E /* DemoPageViewController.swift */; };
		F8AFA78220F349EA0050293E /* LocationsDemoViewController.swift in Sources */ = {isa = PBXBuildFile; fileRef = F8AFA78120F349EA0050293E /* LocationsDemoViewController.swift */; };
		F8AFA78420F34A020050293E /* DetailsDemoViewController.swift in Sources */ = {isa = PBXBuildFile; fileRef = F8AFA78320F34A020050293E /* DetailsDemoViewController.swift */; };
		F8AFA78620F34A0F0050293E /* MapDemoViewController.swift in Sources */ = {isa = PBXBuildFile; fileRef = F8AFA78520F34A0F0050293E /* MapDemoViewController.swift */; };
		F8AFA78920F34F290050293E /* LocationsDemoView.swift in Sources */ = {isa = PBXBuildFile; fileRef = F8AFA78820F34F290050293E /* LocationsDemoView.swift */; };
		F8AFA78B20F35F510050293E /* DetailsDemoView.swift in Sources */ = {isa = PBXBuildFile; fileRef = F8AFA78A20F35F510050293E /* DetailsDemoView.swift */; };
		F8AFA78D20F35F620050293E /* MapDemoView.swift in Sources */ = {isa = PBXBuildFile; fileRef = F8AFA78C20F35F620050293E /* MapDemoView.swift */; };
		F8C31D5920EA08FD008F3125 /* Padding.swift in Sources */ = {isa = PBXBuildFile; fileRef = F8C31D5820EA08FD008F3125 /* Padding.swift */; };
		F8C31D5B20EA1765008F3125 /* PersistenceService.swift in Sources */ = {isa = PBXBuildFile; fileRef = F8C31D5A20EA1765008F3125 /* PersistenceService.swift */; };
		F8C31D5E20EA1EBF008F3125 /* City+CoreDataClass.swift in Sources */ = {isa = PBXBuildFile; fileRef = F8C31D5C20EA1EBF008F3125 /* City+CoreDataClass.swift */; };
		F8C31D5F20EA1EBF008F3125 /* City+CoreDataProperties.swift in Sources */ = {isa = PBXBuildFile; fileRef = F8C31D5D20EA1EBF008F3125 /* City+CoreDataProperties.swift */; };
		F8C31D6420EA484C008F3125 /* Detail+CoreDataClass.swift in Sources */ = {isa = PBXBuildFile; fileRef = F8C31D6220EA484C008F3125 /* Detail+CoreDataClass.swift */; };
		F8C31D6520EA484C008F3125 /* Detail+CoreDataProperties.swift in Sources */ = {isa = PBXBuildFile; fileRef = F8C31D6320EA484C008F3125 /* Detail+CoreDataProperties.swift */; };
		F8C7784520DCE81300DBC495 /* AppDelegate.swift in Sources */ = {isa = PBXBuildFile; fileRef = F8C7784420DCE81300DBC495 /* AppDelegate.swift */; };
		F8C7784D20DCE81300DBC495 /* WeatherApp.xcdatamodeld in Sources */ = {isa = PBXBuildFile; fileRef = F8C7784B20DCE81300DBC495 /* WeatherApp.xcdatamodeld */; };
		F8C7784F20DCE81600DBC495 /* Assets.xcassets in Resources */ = {isa = PBXBuildFile; fileRef = F8C7784E20DCE81600DBC495 /* Assets.xcassets */; };
		F8C7785220DCE81600DBC495 /* LaunchScreen.storyboard in Resources */ = {isa = PBXBuildFile; fileRef = F8C7785020DCE81600DBC495 /* LaunchScreen.storyboard */; };
		F8C7785A20DCEEB000DBC495 /* LocationsViewController.swift in Sources */ = {isa = PBXBuildFile; fileRef = F8C7785920DCEEB000DBC495 /* LocationsViewController.swift */; };
		F8C7786720DD281C00DBC495 /* CityCell.swift in Sources */ = {isa = PBXBuildFile; fileRef = F8C7786620DD281C00DBC495 /* CityCell.swift */; };
		F8FFE47B20E0D1E0006D9E1A /* MapViewController.swift in Sources */ = {isa = PBXBuildFile; fileRef = F8FFE47A20E0D1E0006D9E1A /* MapViewController.swift */; };
		F8FFE47D20E0D266006D9E1A /* MapView.swift in Sources */ = {isa = PBXBuildFile; fileRef = F8FFE47C20E0D266006D9E1A /* MapView.swift */; };
		F8FFE48020E0E22B006D9E1A /* MapKit.framework in Frameworks */ = {isa = PBXBuildFile; fileRef = F8FFE47F20E0E22B006D9E1A /* MapKit.framework */; };
		F8FFE48220E0F0C8006D9E1A /* PinAnnotation.swift in Sources */ = {isa = PBXBuildFile; fileRef = F8FFE48120E0F0C8006D9E1A /* PinAnnotation.swift */; };
/* End PBXBuildFile section */

/* Begin PBXCopyFilesBuildPhase section */
		A1264C6F20FEA93F00EDF417 /* Embed Frameworks */ = {
			isa = PBXCopyFilesBuildPhase;
			buildActionMask = 2147483647;
			dstPath = "";
			dstSubfolderSpec = 10;
			files = (
				A1264C6E20FEA93F00EDF417 /* SnapKit.framework in Embed Frameworks */,
			);
			name = "Embed Frameworks";
			runOnlyForDeploymentPostprocessing = 0;
		};
/* End PBXCopyFilesBuildPhase section */

/* Begin PBXFileReference section */
		A107A7642150D7720095D588 /* SideMenuViewController.swift */ = {isa = PBXFileReference; lastKnownFileType = sourcecode.swift; path = SideMenuViewController.swift; sourceTree = "<group>"; };
		A107A7662150D7DA0095D588 /* SideMenuView.swift */ = {isa = PBXFileReference; lastKnownFileType = sourcecode.swift; path = SideMenuView.swift; sourceTree = "<group>"; };
		A1264C6C20FEA93F00EDF417 /* SnapKit.framework */ = {isa = PBXFileReference; lastKnownFileType = wrapper.framework; name = SnapKit.framework; path = Carthage/Build/iOS/SnapKit.framework; sourceTree = "<group>"; };
		A1674FF420E010190093B713 /* DetailsViewController.swift */ = {isa = PBXFileReference; lastKnownFileType = sourcecode.swift; path = DetailsViewController.swift; sourceTree = "<group>"; };
		A1674FF620E028170093B713 /* CityView.swift */ = {isa = PBXFileReference; lastKnownFileType = sourcecode.swift; path = CityView.swift; sourceTree = "<group>"; };
		F8A30E8E20E2250C002203D4 /* DataManager.swift */ = {isa = PBXFileReference; lastKnownFileType = sourcecode.swift; path = DataManager.swift; sourceTree = "<group>"; };
		F8AFA77F20F348B80050293E /* DemoPageViewController.swift */ = {isa = PBXFileReference; lastKnownFileType = sourcecode.swift; path = DemoPageViewController.swift; sourceTree = "<group>"; };
		F8AFA78120F349EA0050293E /* LocationsDemoViewController.swift */ = {isa = PBXFileReference; lastKnownFileType = sourcecode.swift; path = LocationsDemoViewController.swift; sourceTree = "<group>"; };
		F8AFA78320F34A020050293E /* DetailsDemoViewController.swift */ = {isa = PBXFileReference; lastKnownFileType = sourcecode.swift; path = DetailsDemoViewController.swift; sourceTree = "<group>"; };
		F8AFA78520F34A0F0050293E /* MapDemoViewController.swift */ = {isa = PBXFileReference; lastKnownFileType = sourcecode.swift; path = MapDemoViewController.swift; sourceTree = "<group>"; };
		F8AFA78820F34F290050293E /* LocationsDemoView.swift */ = {isa = PBXFileReference; lastKnownFileType = sourcecode.swift; path = LocationsDemoView.swift; sourceTree = "<group>"; };
		F8AFA78A20F35F510050293E /* DetailsDemoView.swift */ = {isa = PBXFileReference; lastKnownFileType = sourcecode.swift; path = DetailsDemoView.swift; sourceTree = "<group>"; };
		F8AFA78C20F35F620050293E /* MapDemoView.swift */ = {isa = PBXFileReference; lastKnownFileType = sourcecode.swift; path = MapDemoView.swift; sourceTree = "<group>"; };
		F8C31D5820EA08FD008F3125 /* Padding.swift */ = {isa = PBXFileReference; lastKnownFileType = sourcecode.swift; path = Padding.swift; sourceTree = "<group>"; };
		F8C31D5A20EA1765008F3125 /* PersistenceService.swift */ = {isa = PBXFileReference; lastKnownFileType = sourcecode.swift; path = PersistenceService.swift; sourceTree = "<group>"; };
		F8C31D5C20EA1EBF008F3125 /* City+CoreDataClass.swift */ = {isa = PBXFileReference; lastKnownFileType = sourcecode.swift; path = "City+CoreDataClass.swift"; sourceTree = "<group>"; };
		F8C31D5D20EA1EBF008F3125 /* City+CoreDataProperties.swift */ = {isa = PBXFileReference; lastKnownFileType = sourcecode.swift; path = "City+CoreDataProperties.swift"; sourceTree = "<group>"; };
		F8C31D6220EA484C008F3125 /* Detail+CoreDataClass.swift */ = {isa = PBXFileReference; lastKnownFileType = sourcecode.swift; path = "Detail+CoreDataClass.swift"; sourceTree = "<group>"; };
		F8C31D6320EA484C008F3125 /* Detail+CoreDataProperties.swift */ = {isa = PBXFileReference; lastKnownFileType = sourcecode.swift; path = "Detail+CoreDataProperties.swift"; sourceTree = "<group>"; };
		F8C7784120DCE81300DBC495 /* WeatherApp.app */ = {isa = PBXFileReference; explicitFileType = wrapper.application; includeInIndex = 0; path = WeatherApp.app; sourceTree = BUILT_PRODUCTS_DIR; };
		F8C7784420DCE81300DBC495 /* AppDelegate.swift */ = {isa = PBXFileReference; lastKnownFileType = sourcecode.swift; path = AppDelegate.swift; sourceTree = "<group>"; };
		F8C7784C20DCE81300DBC495 /* WeatherApp.xcdatamodel */ = {isa = PBXFileReference; lastKnownFileType = wrapper.xcdatamodel; path = WeatherApp.xcdatamodel; sourceTree = "<group>"; };
		F8C7784E20DCE81600DBC495 /* Assets.xcassets */ = {isa = PBXFileReference; lastKnownFileType = folder.assetcatalog; path = Assets.xcassets; sourceTree = "<group>"; };
		F8C7785120DCE81600DBC495 /* Base */ = {isa = PBXFileReference; lastKnownFileType = file.storyboard; name = Base; path = Base.lproj/LaunchScreen.storyboard; sourceTree = "<group>"; };
		F8C7785320DCE81600DBC495 /* Info.plist */ = {isa = PBXFileReference; lastKnownFileType = text.plist.xml; path = Info.plist; sourceTree = "<group>"; };
		F8C7785920DCEEB000DBC495 /* LocationsViewController.swift */ = {isa = PBXFileReference; lastKnownFileType = sourcecode.swift; path = LocationsViewController.swift; sourceTree = "<group>"; };
		F8C7786620DD281C00DBC495 /* CityCell.swift */ = {isa = PBXFileReference; lastKnownFileType = sourcecode.swift; path = CityCell.swift; sourceTree = "<group>"; };
		F8FFE47A20E0D1E0006D9E1A /* MapViewController.swift */ = {isa = PBXFileReference; lastKnownFileType = sourcecode.swift; path = MapViewController.swift; sourceTree = "<group>"; };
		F8FFE47C20E0D266006D9E1A /* MapView.swift */ = {isa = PBXFileReference; lastKnownFileType = sourcecode.swift; path = MapView.swift; sourceTree = "<group>"; };
		F8FFE47F20E0E22B006D9E1A /* MapKit.framework */ = {isa = PBXFileReference; lastKnownFileType = wrapper.framework; name = MapKit.framework; path = System/Library/Frameworks/MapKit.framework; sourceTree = SDKROOT; };
		F8FFE48120E0F0C8006D9E1A /* PinAnnotation.swift */ = {isa = PBXFileReference; lastKnownFileType = sourcecode.swift; path = PinAnnotation.swift; sourceTree = "<group>"; };
/* End PBXFileReference section */

/* Begin PBXFrameworksBuildPhase section */
		F8C7783E20DCE81300DBC495 /* Frameworks */ = {
			isa = PBXFrameworksBuildPhase;
			buildActionMask = 2147483647;
			files = (
				F8FFE48020E0E22B006D9E1A /* MapKit.framework in Frameworks */,
				A1264C6D20FEA93F00EDF417 /* SnapKit.framework in Frameworks */,
			);
			runOnlyForDeploymentPostprocessing = 0;
		};
/* End PBXFrameworksBuildPhase section */

/* Begin PBXGroup section */
		F8A30E8D20E224F1002203D4 /* Managers */ = {
			isa = PBXGroup;
			children = (
				F8A30E8E20E2250C002203D4 /* DataManager.swift */,
			);
			path = Managers;
			sourceTree = "<group>";
		};
		F8AFA77E20F348850050293E /* DemoController */ = {
			isa = PBXGroup;
			children = (
				F8AFA77F20F348B80050293E /* DemoPageViewController.swift */,
				F8AFA78120F349EA0050293E /* LocationsDemoViewController.swift */,
				F8AFA78320F34A020050293E /* DetailsDemoViewController.swift */,
				F8AFA78520F34A0F0050293E /* MapDemoViewController.swift */,
			);
			path = DemoController;
			sourceTree = "<group>";
		};
		F8AFA78720F34F0A0050293E /* DemoView */ = {
			isa = PBXGroup;
			children = (
				F8AFA78820F34F290050293E /* LocationsDemoView.swift */,
				F8AFA78A20F35F510050293E /* DetailsDemoView.swift */,
				F8AFA78C20F35F620050293E /* MapDemoView.swift */,
			);
			path = DemoView;
			sourceTree = "<group>";
		};
		F8C31D6020EA3967008F3125 /* CodeData Model */ = {
			isa = PBXGroup;
			children = (
				F8C31D6220EA484C008F3125 /* Detail+CoreDataClass.swift */,
				F8C31D6320EA484C008F3125 /* Detail+CoreDataProperties.swift */,
				F8C31D5D20EA1EBF008F3125 /* City+CoreDataProperties.swift */,
				F8C31D5C20EA1EBF008F3125 /* City+CoreDataClass.swift */,
			);
			path = "CodeData Model";
			sourceTree = "<group>";
		};
		F8C31D6120EA3988008F3125 /* Utils */ = {
			isa = PBXGroup;
			children = (
				F8C31D5A20EA1765008F3125 /* PersistenceService.swift */,
				F8C31D5820EA08FD008F3125 /* Padding.swift */,
				F8FFE48120E0F0C8006D9E1A /* PinAnnotation.swift */,
			);
			path = Utils;
			sourceTree = "<group>";
		};
		F8C7783820DCE81300DBC495 = {
			isa = PBXGroup;
			children = (
				A1264C6C20FEA93F00EDF417 /* SnapKit.framework */,
				F8C7784320DCE81300DBC495 /* WeatherApp */,
				F8C7784220DCE81300DBC495 /* Products */,
				F8FFE47E20E0E22B006D9E1A /* Frameworks */,
			);
			sourceTree = "<group>";
		};
		F8C7784220DCE81300DBC495 /* Products */ = {
			isa = PBXGroup;
			children = (
				F8C7784120DCE81300DBC495 /* WeatherApp.app */,
			);
			name = Products;
			sourceTree = "<group>";
		};
		F8C7784320DCE81300DBC495 /* WeatherApp */ = {
			isa = PBXGroup;
			children = (
				F8C7784420DCE81300DBC495 /* AppDelegate.swift */,
				F8C7784E20DCE81600DBC495 /* Assets.xcassets */,
				F8C31D6020EA3967008F3125 /* CodeData Model */,
				F8C7785E20DD14FA00DBC495 /* Controller */,
				F8C7785320DCE81600DBC495 /* Info.plist */,
				F8C7785020DCE81600DBC495 /* LaunchScreen.storyboard */,
				F8A30E8D20E224F1002203D4 /* Managers */,
				F8C31D6120EA3988008F3125 /* Utils */,
				F8C7785F20DD150000DBC495 /* View */,
				F8C7784B20DCE81300DBC495 /* WeatherApp.xcdatamodeld */,
			);
			path = WeatherApp;
			sourceTree = "<group>";
		};
		F8C7785E20DD14FA00DBC495 /* Controller */ = {
			isa = PBXGroup;
			children = (
				F8AFA77E20F348850050293E /* DemoController */,
				F8C7785920DCEEB000DBC495 /* LocationsViewController.swift */,
				A1674FF420E010190093B713 /* DetailsViewController.swift */,
				F8FFE47A20E0D1E0006D9E1A /* MapViewController.swift */,
				A107A7642150D7720095D588 /* SideMenuViewController.swift */,
			);
			path = Controller;
			sourceTree = "<group>";
		};
		F8C7785F20DD150000DBC495 /* View */ = {
			isa = PBXGroup;
			children = (
				F8AFA78720F34F0A0050293E /* DemoView */,
				F8C7786620DD281C00DBC495 /* CityCell.swift */,
				A1674FF620E028170093B713 /* CityView.swift */,
				F8FFE47C20E0D266006D9E1A /* MapView.swift */,
				A107A7662150D7DA0095D588 /* SideMenuView.swift */,
			);
			path = View;
			sourceTree = "<group>";
		};
		F8FFE47E20E0E22B006D9E1A /* Frameworks */ = {
			isa = PBXGroup;
			children = (
				F8FFE47F20E0E22B006D9E1A /* MapKit.framework */,
			);
			name = Frameworks;
			sourceTree = "<group>";
		};
/* End PBXGroup section */

/* Begin PBXNativeTarget section */
		F8C7784020DCE81300DBC495 /* WeatherApp */ = {
			isa = PBXNativeTarget;
			buildConfigurationList = F8C7785620DCE81600DBC495 /* Build configuration list for PBXNativeTarget "WeatherApp" */;
			buildPhases = (
				F8C7783D20DCE81300DBC495 /* Sources */,
				F8C7783E20DCE81300DBC495 /* Frameworks */,
				F8C7783F20DCE81300DBC495 /* Resources */,
				A1264C6F20FEA93F00EDF417 /* Embed Frameworks */,
			);
			buildRules = (
			);
			dependencies = (
			);
			name = WeatherApp;
			productName = WeatherApp;
			productReference = F8C7784120DCE81300DBC495 /* WeatherApp.app */;
			productType = "com.apple.product-type.application";
		};
/* End PBXNativeTarget section */

/* Begin PBXProject section */
		F8C7783920DCE81300DBC495 /* Project object */ = {
			isa = PBXProject;
			attributes = {
				LastSwiftUpdateCheck = 0940;
				LastUpgradeCheck = 0940;
				ORGANIZATIONNAME = Stefan;
				TargetAttributes = {
					F8C7784020DCE81300DBC495 = {
						CreatedOnToolsVersion = 9.4.1;
						SystemCapabilities = {
							com.apple.Maps.iOS = {
								enabled = 1;
							};
						};
					};
				};
			};
			buildConfigurationList = F8C7783C20DCE81300DBC495 /* Build configuration list for PBXProject "WeatherApp" */;
			compatibilityVersion = "Xcode 9.3";
			developmentRegion = en;
			hasScannedForEncodings = 0;
			knownRegions = (
				en,
				Base,
			);
			mainGroup = F8C7783820DCE81300DBC495;
			productRefGroup = F8C7784220DCE81300DBC495 /* Products */;
			projectDirPath = "";
			projectRoot = "";
			targets = (
				F8C7784020DCE81300DBC495 /* WeatherApp */,
			);
		};
/* End PBXProject section */

/* Begin PBXResourcesBuildPhase section */
		F8C7783F20DCE81300DBC495 /* Resources */ = {
			isa = PBXResourcesBuildPhase;
			buildActionMask = 2147483647;
			files = (
				F8C7785220DCE81600DBC495 /* LaunchScreen.storyboard in Resources */,
				F8C7784F20DCE81600DBC495 /* Assets.xcassets in Resources */,
			);
			runOnlyForDeploymentPostprocessing = 0;
		};
/* End PBXResourcesBuildPhase section */

/* Begin PBXSourcesBuildPhase section */
		F8C7783D20DCE81300DBC495 /* Sources */ = {
			isa = PBXSourcesBuildPhase;
			buildActionMask = 2147483647;
			files = (
				F8C31D6420EA484C008F3125 /* Detail+CoreDataClass.swift in Sources */,
				F8C31D5E20EA1EBF008F3125 /* City+CoreDataClass.swift in Sources */,
				F8FFE47B20E0D1E0006D9E1A /* MapViewController.swift in Sources */,
				F8A30E8F20E2250C002203D4 /* DataManager.swift in Sources */,
				F8FFE47D20E0D266006D9E1A /* MapView.swift in Sources */,
				F8AFA78220F349EA0050293E /* LocationsDemoViewController.swift in Sources */,
				F8C7784D20DCE81300DBC495 /* WeatherApp.xcdatamodeld in Sources */,
				A1674FF720E028170093B713 /* CityView.swift in Sources */,
				F8C31D6520EA484C008F3125 /* Detail+CoreDataProperties.swift in Sources */,
				F8AFA78D20F35F620050293E /* MapDemoView.swift in Sources */,
				F8AFA78920F34F290050293E /* LocationsDemoView.swift in Sources */,
				F8FFE48220E0F0C8006D9E1A /* PinAnnotation.swift in Sources */,
				A107A7652150D7720095D588 /* SideMenuViewController.swift in Sources */,
				A1674FF520E010190093B713 /* DetailsViewController.swift in Sources */,
				F8C31D5F20EA1EBF008F3125 /* City+CoreDataProperties.swift in Sources */,
				A107A7672150D7DA0095D588 /* SideMenuView.swift in Sources */,
				F8C31D5920EA08FD008F3125 /* Padding.swift in Sources */,
				F8C31D5B20EA1765008F3125 /* PersistenceService.swift in Sources */,
				F8C7784520DCE81300DBC495 /* AppDelegate.swift in Sources */,
				F8AFA78420F34A020050293E /* DetailsDemoViewController.swift in Sources */,
				F8C7786720DD281C00DBC495 /* CityCell.swift in Sources */,
				F8AFA78020F348B80050293E /* DemoPageViewController.swift in Sources */,
				F8AFA78B20F35F510050293E /* DetailsDemoView.swift in Sources */,
				F8AFA78620F34A0F0050293E /* MapDemoViewController.swift in Sources */,
				F8C7785A20DCEEB000DBC495 /* LocationsViewController.swift in Sources */,
			);
			runOnlyForDeploymentPostprocessing = 0;
		};
/* End PBXSourcesBuildPhase section */

/* Begin PBXVariantGroup section */
		F8C7785020DCE81600DBC495 /* LaunchScreen.storyboard */ = {
			isa = PBXVariantGroup;
			children = (
				F8C7785120DCE81600DBC495 /* Base */,
			);
			name = LaunchScreen.storyboard;
			sourceTree = "<group>";
		};
/* End PBXVariantGroup section */

/* Begin XCBuildConfiguration section */
		F8C7785420DCE81600DBC495 /* Debug */ = {
			isa = XCBuildConfiguration;
			buildSettings = {
				ALWAYS_SEARCH_USER_PATHS = NO;
				CLANG_ANALYZER_NONNULL = YES;
				CLANG_ANALYZER_NUMBER_OBJECT_CONVERSION = YES_AGGRESSIVE;
				CLANG_CXX_LANGUAGE_STANDARD = "gnu++14";
				CLANG_CXX_LIBRARY = "libc++";
				CLANG_ENABLE_MODULES = YES;
				CLANG_ENABLE_OBJC_ARC = YES;
				CLANG_ENABLE_OBJC_WEAK = YES;
				CLANG_WARN_BLOCK_CAPTURE_AUTORELEASING = YES;
				CLANG_WARN_BOOL_CONVERSION = YES;
				CLANG_WARN_COMMA = YES;
				CLANG_WARN_CONSTANT_CONVERSION = YES;
				CLANG_WARN_DEPRECATED_OBJC_IMPLEMENTATIONS = YES;
				CLANG_WARN_DIRECT_OBJC_ISA_USAGE = YES_ERROR;
				CLANG_WARN_DOCUMENTATION_COMMENTS = YES;
				CLANG_WARN_EMPTY_BODY = YES;
				CLANG_WARN_ENUM_CONVERSION = YES;
				CLANG_WARN_INFINITE_RECURSION = YES;
				CLANG_WARN_INT_CONVERSION = YES;
				CLANG_WARN_NON_LITERAL_NULL_CONVERSION = YES;
				CLANG_WARN_OBJC_IMPLICIT_RETAIN_SELF = YES;
				CLANG_WARN_OBJC_LITERAL_CONVERSION = YES;
				CLANG_WARN_OBJC_ROOT_CLASS = YES_ERROR;
				CLANG_WARN_RANGE_LOOP_ANALYSIS = YES;
				CLANG_WARN_STRICT_PROTOTYPES = YES;
				CLANG_WARN_SUSPICIOUS_MOVE = YES;
				CLANG_WARN_UNGUARDED_AVAILABILITY = YES_AGGRESSIVE;
				CLANG_WARN_UNREACHABLE_CODE = YES;
				CLANG_WARN__DUPLICATE_METHOD_MATCH = YES;
				CODE_SIGN_IDENTITY = "iPhone Developer";
				COPY_PHASE_STRIP = NO;
				DEBUG_INFORMATION_FORMAT = dwarf;
				ENABLE_STRICT_OBJC_MSGSEND = YES;
				ENABLE_TESTABILITY = YES;
				GCC_C_LANGUAGE_STANDARD = gnu11;
				GCC_DYNAMIC_NO_PIC = NO;
				GCC_NO_COMMON_BLOCKS = YES;
				GCC_OPTIMIZATION_LEVEL = 0;
				GCC_PREPROCESSOR_DEFINITIONS = (
					"DEBUG=1",
					"$(inherited)",
				);
				GCC_WARN_64_TO_32_BIT_CONVERSION = YES;
				GCC_WARN_ABOUT_RETURN_TYPE = YES_ERROR;
				GCC_WARN_UNDECLARED_SELECTOR = YES;
				GCC_WARN_UNINITIALIZED_AUTOS = YES_AGGRESSIVE;
				GCC_WARN_UNUSED_FUNCTION = YES;
				GCC_WARN_UNUSED_VARIABLE = YES;
				IPHONEOS_DEPLOYMENT_TARGET = 11.4;
				MTL_ENABLE_DEBUG_INFO = YES;
				ONLY_ACTIVE_ARCH = YES;
				SDKROOT = iphoneos;
				SWIFT_ACTIVE_COMPILATION_CONDITIONS = DEBUG;
				SWIFT_OPTIMIZATION_LEVEL = "-Onone";
			};
			name = Debug;
		};
		F8C7785520DCE81600DBC495 /* Release */ = {
			isa = XCBuildConfiguration;
			buildSettings = {
				ALWAYS_SEARCH_USER_PATHS = NO;
				CLANG_ANALYZER_NONNULL = YES;
				CLANG_ANALYZER_NUMBER_OBJECT_CONVERSION = YES_AGGRESSIVE;
				CLANG_CXX_LANGUAGE_STANDARD = "gnu++14";
				CLANG_CXX_LIBRARY = "libc++";
				CLANG_ENABLE_MODULES = YES;
				CLANG_ENABLE_OBJC_ARC = YES;
				CLANG_ENABLE_OBJC_WEAK = YES;
				CLANG_WARN_BLOCK_CAPTURE_AUTORELEASING = YES;
				CLANG_WARN_BOOL_CONVERSION = YES;
				CLANG_WARN_COMMA = YES;
				CLANG_WARN_CONSTANT_CONVERSION = YES;
				CLANG_WARN_DEPRECATED_OBJC_IMPLEMENTATIONS = YES;
				CLANG_WARN_DIRECT_OBJC_ISA_USAGE = YES_ERROR;
				CLANG_WARN_DOCUMENTATION_COMMENTS = YES;
				CLANG_WARN_EMPTY_BODY = YES;
				CLANG_WARN_ENUM_CONVERSION = YES;
				CLANG_WARN_INFINITE_RECURSION = YES;
				CLANG_WARN_INT_CONVERSION = YES;
				CLANG_WARN_NON_LITERAL_NULL_CONVERSION = YES;
				CLANG_WARN_OBJC_IMPLICIT_RETAIN_SELF = YES;
				CLANG_WARN_OBJC_LITERAL_CONVERSION = YES;
				CLANG_WARN_OBJC_ROOT_CLASS = YES_ERROR;
				CLANG_WARN_RANGE_LOOP_ANALYSIS = YES;
				CLANG_WARN_STRICT_PROTOTYPES = YES;
				CLANG_WARN_SUSPICIOUS_MOVE = YES;
				CLANG_WARN_UNGUARDED_AVAILABILITY = YES_AGGRESSIVE;
				CLANG_WARN_UNREACHABLE_CODE = YES;
				CLANG_WARN__DUPLICATE_METHOD_MATCH = YES;
				CODE_SIGN_IDENTITY = "iPhone Developer";
				COPY_PHASE_STRIP = NO;
				DEBUG_INFORMATION_FORMAT = "dwarf-with-dsym";
				ENABLE_NS_ASSERTIONS = NO;
				ENABLE_STRICT_OBJC_MSGSEND = YES;
				GCC_C_LANGUAGE_STANDARD = gnu11;
				GCC_NO_COMMON_BLOCKS = YES;
				GCC_WARN_64_TO_32_BIT_CONVERSION = YES;
				GCC_WARN_ABOUT_RETURN_TYPE = YES_ERROR;
				GCC_WARN_UNDECLARED_SELECTOR = YES;
				GCC_WARN_UNINITIALIZED_AUTOS = YES_AGGRESSIVE;
				GCC_WARN_UNUSED_FUNCTION = YES;
				GCC_WARN_UNUSED_VARIABLE = YES;
				IPHONEOS_DEPLOYMENT_TARGET = 11.4;
				MTL_ENABLE_DEBUG_INFO = NO;
				SDKROOT = iphoneos;
				SWIFT_COMPILATION_MODE = wholemodule;
				SWIFT_OPTIMIZATION_LEVEL = "-O";
				VALIDATE_PRODUCT = YES;
			};
			name = Release;
		};
		F8C7785720DCE81600DBC495 /* Debug */ = {
			isa = XCBuildConfiguration;
			buildSettings = {
				ASSETCATALOG_COMPILER_APPICON_NAME = AppIcon;
				CODE_SIGN_IDENTITY = "iPhone Developer";
				CODE_SIGN_STYLE = Automatic;
				DEVELOPMENT_TEAM = BSU69XA3A9;
				FRAMEWORK_SEARCH_PATHS = (
					"$(inherited)",
					"$(PROJECT_DIR)/Carthage/Build/iOS",
				);
				INFOPLIST_FILE = WeatherApp/Info.plist;
				LD_RUNPATH_SEARCH_PATHS = (
					"$(inherited)",
					"@executable_path/Frameworks",
				);
				PRODUCT_BUNDLE_IDENTIFIER = com.p3.WeatherApp.stefan;
				PRODUCT_NAME = "$(TARGET_NAME)";
				PROVISIONING_PROFILE_SPECIFIER = "";
				SWIFT_VERSION = 4.0;
				TARGETED_DEVICE_FAMILY = "1,2";
			};
			name = Debug;
		};
		F8C7785820DCE81600DBC495 /* Release */ = {
			isa = XCBuildConfiguration;
			buildSettings = {
				ASSETCATALOG_COMPILER_APPICON_NAME = AppIcon;
				CODE_SIGN_IDENTITY = "iPhone Developer";
				CODE_SIGN_STYLE = Automatic;
				DEVELOPMENT_TEAM = BSU69XA3A9;
				FRAMEWORK_SEARCH_PATHS = (
					"$(inherited)",
					"$(PROJECT_DIR)/Carthage/Build/iOS",
				);
				INFOPLIST_FILE = WeatherApp/Info.plist;
				LD_RUNPATH_SEARCH_PATHS = (
					"$(inherited)",
					"@executable_path/Frameworks",
				);
				PRODUCT_BUNDLE_IDENTIFIER = com.p3.WeatherApp.stefan;
				PRODUCT_NAME = "$(TARGET_NAME)";
				PROVISIONING_PROFILE_SPECIFIER = "";
				SWIFT_VERSION = 4.0;
				TARGETED_DEVICE_FAMILY = "1,2";
			};
			name = Release;
		};
/* End XCBuildConfiguration section */

/* Begin XCConfigurationList section */
		F8C7783C20DCE81300DBC495 /* Build configuration list for PBXProject "WeatherApp" */ = {
			isa = XCConfigurationList;
			buildConfigurations = (
				F8C7785420DCE81600DBC495 /* Debug */,
				F8C7785520DCE81600DBC495 /* Release */,
			);
			defaultConfigurationIsVisible = 0;
			defaultConfigurationName = Release;
		};
		F8C7785620DCE81600DBC495 /* Build configuration list for PBXNativeTarget "WeatherApp" */ = {
			isa = XCConfigurationList;
			buildConfigurations = (
				F8C7785720DCE81600DBC495 /* Debug */,
				F8C7785820DCE81600DBC495 /* Release */,
			);
			defaultConfigurationIsVisible = 0;
			defaultConfigurationName = Release;
		};
/* End XCConfigurationList section */

/* Begin XCVersionGroup section */
		F8C7784B20DCE81300DBC495 /* WeatherApp.xcdatamodeld */ = {
			isa = XCVersionGroup;
			children = (
				F8C7784C20DCE81300DBC495 /* WeatherApp.xcdatamodel */,
			);
			currentVersion = F8C7784C20DCE81300DBC495 /* WeatherApp.xcdatamodel */;
			path = WeatherApp.xcdatamodeld;
			sourceTree = "<group>";
			versionGroupType = wrapper.xcdatamodel;
		};
/* End XCVersionGroup section */
	};
	rootObject = F8C7783920DCE81300DBC495 /* Project object */;
}
