// !$*UTF8*$!
{
	archiveVersion = 1;
	classes = {
	};
	objectVersion = 50;
	objects = {

/* Begin PBXBuildFile section */
		F8C7784520DCE81300DBC495 /* AppDelegate.swift in Sources */ = {isa = PBXBuildFile; fileRef = F8C7784420DCE81300DBC495 /* AppDelegate.swift */; };
		F8C7784720DCE81300DBC495 /* ViewController.swift in Sources */ = {isa = PBXBuildFile; fileRef = F8C7784620DCE81300DBC495 /* ViewController.swift */; };
		F8C7784D20DCE81300DBC495 /* WeatherApp.xcdatamodeld in Sources */ = {isa = PBXBuildFile; fileRef = F8C7784B20DCE81300DBC495 /* WeatherApp.xcdatamodeld */; };
		F8C7784F20DCE81600DBC495 /* Assets.xcassets in Resources */ = {isa = PBXBuildFile; fileRef = F8C7784E20DCE81600DBC495 /* Assets.xcassets */; };
		F8C7785220DCE81600DBC495 /* LaunchScreen.storyboard in Resources */ = {isa = PBXBuildFile; fileRef = F8C7785020DCE81600DBC495 /* LaunchScreen.storyboard */; };
		F8C7785A20DCEEB000DBC495 /* LocationsViewController.swift in Sources */ = {isa = PBXBuildFile; fileRef = F8C7785920DCEEB000DBC495 /* LocationsViewController.swift */; };
		F8C7786120DD153800DBC495 /* City.swift in Sources */ = {isa = PBXBuildFile; fileRef = F8C7786020DD153800DBC495 /* City.swift */; };
		F8C7786320DD159C00DBC495 /* CityList.swift in Sources */ = {isa = PBXBuildFile; fileRef = F8C7786220DD159C00DBC495 /* CityList.swift */; };
		F8C7786520DD15C300DBC495 /* Detail.swift in Sources */ = {isa = PBXBuildFile; fileRef = F8C7786420DD15C300DBC495 /* Detail.swift */; };
		F8C7786720DD281C00DBC495 /* CityCell.swift in Sources */ = {isa = PBXBuildFile; fileRef = F8C7786620DD281C00DBC495 /* CityCell.swift */; };
/* End PBXBuildFile section */

/* Begin PBXFileReference section */
		F8C7784120DCE81300DBC495 /* WeatherApp.app */ = {isa = PBXFileReference; explicitFileType = wrapper.application; includeInIndex = 0; path = WeatherApp.app; sourceTree = BUILT_PRODUCTS_DIR; };
		F8C7784420DCE81300DBC495 /* AppDelegate.swift */ = {isa = PBXFileReference; lastKnownFileType = sourcecode.swift; path = AppDelegate.swift; sourceTree = "<group>"; };
		F8C7784620DCE81300DBC495 /* ViewController.swift */ = {isa = PBXFileReference; lastKnownFileType = sourcecode.swift; path = ViewController.swift; sourceTree = "<group>"; };
		F8C7784C20DCE81300DBC495 /* WeatherApp.xcdatamodel */ = {isa = PBXFileReference; lastKnownFileType = wrapper.xcdatamodel; path = WeatherApp.xcdatamodel; sourceTree = "<group>"; };
		F8C7784E20DCE81600DBC495 /* Assets.xcassets */ = {isa = PBXFileReference; lastKnownFileType = folder.assetcatalog; path = Assets.xcassets; sourceTree = "<group>"; };
		F8C7785120DCE81600DBC495 /* Base */ = {isa = PBXFileReference; lastKnownFileType = file.storyboard; name = Base; path = Base.lproj/LaunchScreen.storyboard; sourceTree = "<group>"; };
		F8C7785320DCE81600DBC495 /* Info.plist */ = {isa = PBXFileReference; lastKnownFileType = text.plist.xml; path = Info.plist; sourceTree = "<group>"; };
		F8C7785920DCEEB000DBC495 /* LocationsViewController.swift */ = {isa = PBXFileReference; lastKnownFileType = sourcecode.swift; path = LocationsViewController.swift; sourceTree = "<group>"; };
		F8C7786020DD153800DBC495 /* City.swift */ = {isa = PBXFileReference; lastKnownFileType = sourcecode.swift; path = City.swift; sourceTree = "<group>"; };
		F8C7786220DD159C00DBC495 /* CityList.swift */ = {isa = PBXFileReference; lastKnownFileType = sourcecode.swift; path = CityList.swift; sourceTree = "<group>"; };
		F8C7786420DD15C300DBC495 /* Detail.swift */ = {isa = PBXFileReference; lastKnownFileType = sourcecode.swift; path = Detail.swift; sourceTree = "<group>"; };
		F8C7786620DD281C00DBC495 /* CityCell.swift */ = {isa = PBXFileReference; lastKnownFileType = sourcecode.swift; path = CityCell.swift; sourceTree = "<group>"; };
/* End PBXFileReference section */

/* Begin PBXFrameworksBuildPhase section */
		F8C7783E20DCE81300DBC495 /* Frameworks */ = {
			isa = PBXFrameworksBuildPhase;
			buildActionMask = 2147483647;
			files = (
			);
			runOnlyForDeploymentPostprocessing = 0;
		};
/* End PBXFrameworksBuildPhase section */

/* Begin PBXGroup section */
		F8C7783820DCE81300DBC495 = {
			isa = PBXGroup;
			children = (
				F8C7784320DCE81300DBC495 /* WeatherApp */,
				F8C7784220DCE81300DBC495 /* Products */,
			);
			sourceTree = "<group>";
		};
		F8C7784220DCE81300DBC495 /* Products */ = {
			isa = PBXGroup;
			children = (
				F8C7784120DCE81300DBC495 /* WeatherApp.app */,
			);
			name = Products;
			sourceTree = "<group>";
		};
		F8C7784320DCE81300DBC495 /* WeatherApp */ = {
			isa = PBXGroup;
			children = (
				F8C7785F20DD150000DBC495 /* View */,
				F8C7785E20DD14FA00DBC495 /* Controller */,
				F8C7785D20DD14F400DBC495 /* Model */,
				F8C7784420DCE81300DBC495 /* AppDelegate.swift */,
				F8C7784620DCE81300DBC495 /* ViewController.swift */,
				F8C7784E20DCE81600DBC495 /* Assets.xcassets */,
				F8C7785020DCE81600DBC495 /* LaunchScreen.storyboard */,
				F8C7785320DCE81600DBC495 /* Info.plist */,
				F8C7784B20DCE81300DBC495 /* WeatherApp.xcdatamodeld */,
			);
			path = WeatherApp;
			sourceTree = "<group>";
		};
		F8C7785D20DD14F400DBC495 /* Model */ = {
			isa = PBXGroup;
			children = (
				F8C7786020DD153800DBC495 /* City.swift */,
				F8C7786220DD159C00DBC495 /* CityList.swift */,
				F8C7786420DD15C300DBC495 /* Detail.swift */,
			);
			path = Model;
			sourceTree = "<group>";
		};
		F8C7785E20DD14FA00DBC495 /* Controller */ = {
			isa = PBXGroup;
			children = (
				F8C7785920DCEEB000DBC495 /* LocationsViewController.swift */,
				F8C7786620DD281C00DBC495 /* CityCell.swift */,
			);
			path = Controller;
			sourceTree = "<group>";
		};
		F8C7785F20DD150000DBC495 /* View */ = {
			isa = PBXGroup;
			children = (
			);
			path = View;
			sourceTree = "<group>";
		};
/* End PBXGroup section */

/* Begin PBXNativeTarget section */
		F8C7784020DCE81300DBC495 /* WeatherApp */ = {
			isa = PBXNativeTarget;
			buildConfigurationList = F8C7785620DCE81600DBC495 /* Build configuration list for PBXNativeTarget "WeatherApp" */;
			buildPhases = (
				F8C7783D20DCE81300DBC495 /* Sources */,
				F8C7783E20DCE81300DBC495 /* Frameworks */,
				F8C7783F20DCE81300DBC495 /* Resources */,
			);
			buildRules = (
			);
			dependencies = (
			);
			name = WeatherApp;
			productName = WeatherApp;
			productReference = F8C7784120DCE81300DBC495 /* WeatherApp.app */;
			productType = "com.apple.product-type.application";
		};
/* End PBXNativeTarget section */

/* Begin PBXProject section */
		F8C7783920DCE81300DBC495 /* Project object */ = {
			isa = PBXProject;
			attributes = {
				LastSwiftUpdateCheck = 0940;
				LastUpgradeCheck = 0940;
				ORGANIZATIONNAME = Stefan;
				TargetAttributes = {
					F8C7784020DCE81300DBC495 = {
						CreatedOnToolsVersion = 9.4.1;
					};
				};
			};
			buildConfigurationList = F8C7783C20DCE81300DBC495 /* Build configuration list for PBXProject "WeatherApp" */;
			compatibilityVersion = "Xcode 9.3";
			developmentRegion = en;
			hasScannedForEncodings = 0;
			knownRegions = (
				en,
				Base,
			);
			mainGroup = F8C7783820DCE81300DBC495;
			productRefGroup = F8C7784220DCE81300DBC495 /* Products */;
			projectDirPath = "";
			projectRoot = "";
			targets = (
				F8C7784020DCE81300DBC495 /* WeatherApp */,
			);
		};
/* End PBXProject section */

/* Begin PBXResourcesBuildPhase section */
		F8C7783F20DCE81300DBC495 /* Resources */ = {
			isa = PBXResourcesBuildPhase;
			buildActionMask = 2147483647;
			files = (
				F8C7785220DCE81600DBC495 /* LaunchScreen.storyboard in Resources */,
				F8C7784F20DCE81600DBC495 /* Assets.xcassets in Resources */,
			);
			runOnlyForDeploymentPostprocessing = 0;
		};
/* End PBXResourcesBuildPhase section */

/* Begin PBXSourcesBuildPhase section */
		F8C7783D20DCE81300DBC495 /* Sources */ = {
			isa = PBXSourcesBuildPhase;
			buildActionMask = 2147483647;
			files = (
				F8C7784D20DCE81300DBC495 /* WeatherApp.xcdatamodeld in Sources */,
				F8C7784720DCE81300DBC495 /* ViewController.swift in Sources */,
				F8C7786520DD15C300DBC495 /* Detail.swift in Sources */,
				F8C7786120DD153800DBC495 /* City.swift in Sources */,
				F8C7784520DCE81300DBC495 /* AppDelegate.swift in Sources */,
				F8C7786720DD281C00DBC495 /* CityCell.swift in Sources */,
				F8C7786320DD159C00DBC495 /* CityList.swift in Sources */,
				F8C7785A20DCEEB000DBC495 /* LocationsViewController.swift in Sources */,
			);
			runOnlyForDeploymentPostprocessing = 0;
		};
/* End PBXSourcesBuildPhase section */

/* Begin PBXVariantGroup section */
		F8C7785020DCE81600DBC495 /* LaunchScreen.storyboard */ = {
			isa = PBXVariantGroup;
			children = (
				F8C7785120DCE81600DBC495 /* Base */,
			);
			name = LaunchScreen.storyboard;
			sourceTree = "<group>";
		};
/* End PBXVariantGroup section */

/* Begin XCBuildConfiguration section */
		F8C7785420DCE81600DBC495 /* Debug */ = {
			isa = XCBuildConfiguration;
			buildSettings = {
				ALWAYS_SEARCH_USER_PATHS = NO;
				CLANG_ANALYZER_NONNULL = YES;
				CLANG_ANALYZER_NUMBER_OBJECT_CONVERSION = YES_AGGRESSIVE;
				CLANG_CXX_LANGUAGE_STANDARD = "gnu++14";
				CLANG_CXX_LIBRARY = "libc++";
				CLANG_ENABLE_MODULES = YES;
				CLANG_ENABLE_OBJC_ARC = YES;
				CLANG_ENABLE_OBJC_WEAK = YES;
				CLANG_WARN_BLOCK_CAPTURE_AUTORELEASING = YES;
				CLANG_WARN_BOOL_CONVERSION = YES;
				CLANG_WARN_COMMA = YES;
				CLANG_WARN_CONSTANT_CONVERSION = YES;
				CLANG_WARN_DEPRECATED_OBJC_IMPLEMENTATIONS = YES;
				CLANG_WARN_DIRECT_OBJC_ISA_USAGE = YES_ERROR;
				CLANG_WARN_DOCUMENTATION_COMMENTS = YES;
				CLANG_WARN_EMPTY_BODY = YES;
				CLANG_WARN_ENUM_CONVERSION = YES;
				CLANG_WARN_INFINITE_RECURSION = YES;
				CLANG_WARN_INT_CONVERSION = YES;
				CLANG_WARN_NON_LITERAL_NULL_CONVERSION = YES;
				CLANG_WARN_OBJC_IMPLICIT_RETAIN_SELF = YES;
				CLANG_WARN_OBJC_LITERAL_CONVERSION = YES;
				CLANG_WARN_OBJC_ROOT_CLASS = YES_ERROR;
				CLANG_WARN_RANGE_LOOP_ANALYSIS = YES;
				CLANG_WARN_STRICT_PROTOTYPES = YES;
				CLANG_WARN_SUSPICIOUS_MOVE = YES;
				CLANG_WARN_UNGUARDED_AVAILABILITY = YES_AGGRESSIVE;
				CLANG_WARN_UNREACHABLE_CODE = YES;
				CLANG_WARN__DUPLICATE_METHOD_MATCH = YES;
				CODE_SIGN_IDENTITY = "iPhone Developer";
				COPY_PHASE_STRIP = NO;
				DEBUG_INFORMATION_FORMAT = dwarf;
				ENABLE_STRICT_OBJC_MSGSEND = YES;
				ENABLE_TESTABILITY = YES;
				GCC_C_LANGUAGE_STANDARD = gnu11;
				GCC_DYNAMIC_NO_PIC = NO;
				GCC_NO_COMMON_BLOCKS = YES;
				GCC_OPTIMIZATION_LEVEL = 0;
				GCC_PREPROCESSOR_DEFINITIONS = (
					"DEBUG=1",
					"$(inherited)",
				);
				GCC_WARN_64_TO_32_BIT_CONVERSION = YES;
				GCC_WARN_ABOUT_RETURN_TYPE = YES_ERROR;
				GCC_WARN_UNDECLARED_SELECTOR = YES;
				GCC_WARN_UNINITIALIZED_AUTOS = YES_AGGRESSIVE;
				GCC_WARN_UNUSED_FUNCTION = YES;
				GCC_WARN_UNUSED_VARIABLE = YES;
				IPHONEOS_DEPLOYMENT_TARGET = 11.4;
				MTL_ENABLE_DEBUG_INFO = YES;
				ONLY_ACTIVE_ARCH = YES;
				SDKROOT = iphoneos;
				SWIFT_ACTIVE_COMPILATION_CONDITIONS = DEBUG;
				SWIFT_OPTIMIZATION_LEVEL = "-Onone";
			};
			name = Debug;
		};
		F8C7785520DCE81600DBC495 /* Release */ = {
			isa = XCBuildConfiguration;
			buildSettings = {
				ALWAYS_SEARCH_USER_PATHS = NO;
				CLANG_ANALYZER_NONNULL = YES;
				CLANG_ANALYZER_NUMBER_OBJECT_CONVERSION = YES_AGGRESSIVE;
				CLANG_CXX_LANGUAGE_STANDARD = "gnu++14";
				CLANG_CXX_LIBRARY = "libc++";
				CLANG_ENABLE_MODULES = YES;
				CLANG_ENABLE_OBJC_ARC = YES;
				CLANG_ENABLE_OBJC_WEAK = YES;
				CLANG_WARN_BLOCK_CAPTURE_AUTORELEASING = YES;
				CLANG_WARN_BOOL_CONVERSION = YES;
				CLANG_WARN_COMMA = YES;
				CLANG_WARN_CONSTANT_CONVERSION = YES;
				CLANG_WARN_DEPRECATED_OBJC_IMPLEMENTATIONS = YES;
				CLANG_WARN_DIRECT_OBJC_ISA_USAGE = YES_ERROR;
				CLANG_WARN_DOCUMENTATION_COMMENTS = YES;
				CLANG_WARN_EMPTY_BODY = YES;
				CLANG_WARN_ENUM_CONVERSION = YES;
				CLANG_WARN_INFINITE_RECURSION = YES;
				CLANG_WARN_INT_CONVERSION = YES;
				CLANG_WARN_NON_LITERAL_NULL_CONVERSION = YES;
				CLANG_WARN_OBJC_IMPLICIT_RETAIN_SELF = YES;
				CLANG_WARN_OBJC_LITERAL_CONVERSION = YES;
				CLANG_WARN_OBJC_ROOT_CLASS = YES_ERROR;
				CLANG_WARN_RANGE_LOOP_ANALYSIS = YES;
				CLANG_WARN_STRICT_PROTOTYPES = YES;
				CLANG_WARN_SUSPICIOUS_MOVE = YES;
				CLANG_WARN_UNGUARDED_AVAILABILITY = YES_AGGRESSIVE;
				CLANG_WARN_UNREACHABLE_CODE = YES;
				CLANG_WARN__DUPLICATE_METHOD_MATCH = YES;
				CODE_SIGN_IDENTITY = "iPhone Developer";
				COPY_PHASE_STRIP = NO;
				DEBUG_INFORMATION_FORMAT = "dwarf-with-dsym";
				ENABLE_NS_ASSERTIONS = NO;
				ENABLE_STRICT_OBJC_MSGSEND = YES;
				GCC_C_LANGUAGE_STANDARD = gnu11;
				GCC_NO_COMMON_BLOCKS = YES;
				GCC_WARN_64_TO_32_BIT_CONVERSION = YES;
				GCC_WARN_ABOUT_RETURN_TYPE = YES_ERROR;
				GCC_WARN_UNDECLARED_SELECTOR = YES;
				GCC_WARN_UNINITIALIZED_AUTOS = YES_AGGRESSIVE;
				GCC_WARN_UNUSED_FUNCTION = YES;
				GCC_WARN_UNUSED_VARIABLE = YES;
				IPHONEOS_DEPLOYMENT_TARGET = 11.4;
				MTL_ENABLE_DEBUG_INFO = NO;
				SDKROOT = iphoneos;
				SWIFT_COMPILATION_MODE = wholemodule;
				SWIFT_OPTIMIZATION_LEVEL = "-O";
				VALIDATE_PRODUCT = YES;
			};
			name = Release;
		};
		F8C7785720DCE81600DBC495 /* Debug */ = {
			isa = XCBuildConfiguration;
			buildSettings = {
				ASSETCATALOG_COMPILER_APPICON_NAME = AppIcon;
				CODE_SIGN_STYLE = Automatic;
				INFOPLIST_FILE = WeatherApp/Info.plist;
				LD_RUNPATH_SEARCH_PATHS = (
					"$(inherited)",
					"@executable_path/Frameworks",
				);
				PRODUCT_BUNDLE_IDENTIFIER = com.p3.WeatherApp;
				PRODUCT_NAME = "$(TARGET_NAME)";
				SWIFT_VERSION = 4.0;
				TARGETED_DEVICE_FAMILY = "1,2";
			};
			name = Debug;
		};
		F8C7785820DCE81600DBC495 /* Release */ = {
			isa = XCBuildConfiguration;
			buildSettings = {
				ASSETCATALOG_COMPILER_APPICON_NAME = AppIcon;
				CODE_SIGN_STYLE = Automatic;
				INFOPLIST_FILE = WeatherApp/Info.plist;
				LD_RUNPATH_SEARCH_PATHS = (
					"$(inherited)",
					"@executable_path/Frameworks",
				);
				PRODUCT_BUNDLE_IDENTIFIER = com.p3.WeatherApp;
				PRODUCT_NAME = "$(TARGET_NAME)";
				SWIFT_VERSION = 4.0;
				TARGETED_DEVICE_FAMILY = "1,2";
			};
			name = Release;
		};
/* End XCBuildConfiguration section */

/* Begin XCConfigurationList section */
		F8C7783C20DCE81300DBC495 /* Build configuration list for PBXProject "WeatherApp" */ = {
			isa = XCConfigurationList;
			buildConfigurations = (
				F8C7785420DCE81600DBC495 /* Debug */,
				F8C7785520DCE81600DBC495 /* Release */,
			);
			defaultConfigurationIsVisible = 0;
			defaultConfigurationName = Release;
		};
		F8C7785620DCE81600DBC495 /* Build configuration list for PBXNativeTarget "WeatherApp" */ = {
			isa = XCConfigurationList;
			buildConfigurations = (
				F8C7785720DCE81600DBC495 /* Debug */,
				F8C7785820DCE81600DBC495 /* Release */,
			);
			defaultConfigurationIsVisible = 0;
			defaultConfigurationName = Release;
		};
/* End XCConfigurationList section */

/* Begin XCVersionGroup section */
		F8C7784B20DCE81300DBC495 /* WeatherApp.xcdatamodeld */ = {
			isa = XCVersionGroup;
			children = (
				F8C7784C20DCE81300DBC495 /* WeatherApp.xcdatamodel */,
			);
			currentVersion = F8C7784C20DCE81300DBC495 /* WeatherApp.xcdatamodel */;
			path = WeatherApp.xcdatamodeld;
			sourceTree = "<group>";
			versionGroupType = wrapper.xcdatamodel;
		};
/* End XCVersionGroup section */
	};
	rootObject = F8C7783920DCE81300DBC495 /* Project object */;
}
